// !$*UTF8*$!
{
	archiveVersion = 1;
	classes = {
	};
	objectVersion = 55;
	objects = {

/* Begin PBXBuildFile section */
		7D744F3828A1CEFD008FCDEA /* BuilderView.swift in Sources */ = {isa = PBXBuildFile; fileRef = 7D744F3728A1CEFD008FCDEA /* BuilderView.swift */; };
		7D744F3A28A1D178008FCDEA /* IntDoubleBinding.swift in Sources */ = {isa = PBXBuildFile; fileRef = 7D744F3928A1D178008FCDEA /* IntDoubleBinding.swift */; };
		7D744F3C28A214AE008FCDEA /* IntDoubleBinding.swift in Sources */ = {isa = PBXBuildFile; fileRef = 7D744F3928A1D178008FCDEA /* IntDoubleBinding.swift */; };
		7D85C89E2867D53400E625A4 /* LilNounPetApp.swift in Sources */ = {isa = PBXBuildFile; fileRef = 7D85C89D2867D53400E625A4 /* LilNounPetApp.swift */; };
		7D85C8A02867D53400E625A4 /* ContentView.swift in Sources */ = {isa = PBXBuildFile; fileRef = 7D85C89F2867D53400E625A4 /* ContentView.swift */; };
		7D85C8A22867D53600E625A4 /* Assets.xcassets in Resources */ = {isa = PBXBuildFile; fileRef = 7D85C8A12867D53600E625A4 /* Assets.xcassets */; };
		7D85C8A52867D53600E625A4 /* Preview Assets.xcassets in Resources */ = {isa = PBXBuildFile; fileRef = 7D85C8A42867D53600E625A4 /* Preview Assets.xcassets */; };
		7D85C8AC2867D83C00E625A4 /* ArtAssets.swift in Sources */ = {isa = PBXBuildFile; fileRef = 7D85C8AB2867D83C00E625A4 /* ArtAssets.swift */; };
		7D85C8AE2867DB3B00E625A4 /* Pet-Repository.swift in Sources */ = {isa = PBXBuildFile; fileRef = 7D85C8AD2867DB3B00E625A4 /* Pet-Repository.swift */; };
		7D85C8B02867DBA900E625A4 /* Pet-Model.swift in Sources */ = {isa = PBXBuildFile; fileRef = 7D85C8AF2867DBA900E625A4 /* Pet-Model.swift */; };
		7D85C8B22867DBDE00E625A4 /* Extensions.swift in Sources */ = {isa = PBXBuildFile; fileRef = 7D85C8B12867DBDE00E625A4 /* Extensions.swift */; };
		7D85C8B42867DDFC00E625A4 /* ViewModel.swift in Sources */ = {isa = PBXBuildFile; fileRef = 7D85C8B32867DDFC00E625A4 /* ViewModel.swift */; };
		7D85C8B82867E0E600E625A4 /* ImageView.swift in Sources */ = {isa = PBXBuildFile; fileRef = 7D85C8B72867E0E600E625A4 /* ImageView.swift */; };
		7D85C8BA28682DB100E625A4 /* StatsView.swift in Sources */ = {isa = PBXBuildFile; fileRef = 7D85C8B928682DB100E625A4 /* StatsView.swift */; };
		7D85C8BC28682DEC00E625A4 /* DeathView.swift in Sources */ = {isa = PBXBuildFile; fileRef = 7D85C8BB28682DEC00E625A4 /* DeathView.swift */; };
		7D85C8BF28682E2600E625A4 /* EditView.swift in Sources */ = {isa = PBXBuildFile; fileRef = 7D85C8BE28682E2600E625A4 /* EditView.swift */; };
		7D85C8C128682E9500E625A4 /* HatchView.swift in Sources */ = {isa = PBXBuildFile; fileRef = 7D85C8C028682E9500E625A4 /* HatchView.swift */; };
		7D944727287D2A3F0039015E /* WidgetKit.framework in Frameworks */ = {isa = PBXBuildFile; fileRef = 7D944726287D2A3F0039015E /* WidgetKit.framework */; };
		7D944729287D2A3F0039015E /* SwiftUI.framework in Frameworks */ = {isa = PBXBuildFile; fileRef = 7D944728287D2A3F0039015E /* SwiftUI.framework */; };
		7D94472C287D2A3F0039015E /* PetWidget.swift in Sources */ = {isa = PBXBuildFile; fileRef = 7D94472B287D2A3F0039015E /* PetWidget.swift */; };
		7D94472E287D2A400039015E /* Assets.xcassets in Resources */ = {isa = PBXBuildFile; fileRef = 7D94472D287D2A400039015E /* Assets.xcassets */; };
		7D944732287D2A400039015E /* PetWidgetExtension.appex in Embed App Extensions */ = {isa = PBXBuildFile; fileRef = 7D944724287D2A3F0039015E /* PetWidgetExtension.appex */; settings = {ATTRIBUTES = (RemoveHeadersOnCopy, ); }; };
		7D944738287D2A550039015E /* Pet-Repository.swift in Sources */ = {isa = PBXBuildFile; fileRef = 7D85C8AD2867DB3B00E625A4 /* Pet-Repository.swift */; };
		7D944739287D2A580039015E /* Pet-Model.swift in Sources */ = {isa = PBXBuildFile; fileRef = 7D85C8AF2867DBA900E625A4 /* Pet-Model.swift */; };
		7D94473A287D2A5B0039015E /* Extensions.swift in Sources */ = {isa = PBXBuildFile; fileRef = 7D85C8B12867DBDE00E625A4 /* Extensions.swift */; };
		7D94473B287D2A610039015E /* Assets.xcassets in Resources */ = {isa = PBXBuildFile; fileRef = 7D85C8A12867D53600E625A4 /* Assets.xcassets */; };
		7D94473C287D2B1B0039015E /* ViewModel.swift in Sources */ = {isa = PBXBuildFile; fileRef = 7D85C8B32867DDFC00E625A4 /* ViewModel.swift */; };
		7D94473D287D2B590039015E /* LondrinaSolid-Regular.ttf in Resources */ = {isa = PBXBuildFile; fileRef = 7DA53BF428724318005A821C /* LondrinaSolid-Regular.ttf */; };
		7D94473E287D2B5D0039015E /* ArtAssets.swift in Sources */ = {isa = PBXBuildFile; fileRef = 7D85C8AB2867D83C00E625A4 /* ArtAssets.swift */; };
		7DA53BF3287233AD005A821C /* HowToView.swift in Sources */ = {isa = PBXBuildFile; fileRef = 7DA53BF2287233AD005A821C /* HowToView.swift */; };
		7DA53BF528724318005A821C /* LondrinaSolid-Regular.ttf in Resources */ = {isa = PBXBuildFile; fileRef = 7DA53BF428724318005A821C /* LondrinaSolid-Regular.ttf */; };
		7DD766FC2893087A002708BE /* ImageSaver.swift in Sources */ = {isa = PBXBuildFile; fileRef = 7DD766FB2893086A002708BE /* ImageSaver.swift */; };
		7DD766FD2893087A002708BE /* ImageSaver.swift in Sources */ = {isa = PBXBuildFile; fileRef = 7DD766FB2893086A002708BE /* ImageSaver.swift */; };
		7DF45C7F288A603F0026933B /* SimpleEntry.swift in Sources */ = {isa = PBXBuildFile; fileRef = 7DF45C7E288A603F0026933B /* SimpleEntry.swift */; };
		7DF45C80288A61330026933B /* SimpleEntry.swift in Sources */ = {isa = PBXBuildFile; fileRef = 7DF45C7E288A603F0026933B /* SimpleEntry.swift */; };
		7DF7E590288A7A760010193C /* Provider.swift in Sources */ = {isa = PBXBuildFile; fileRef = 7DF7E58F288A7A760010193C /* Provider.swift */; };
		7DF7E592288B9B540010193C /* PetWidgetEntryView.swift in Sources */ = {isa = PBXBuildFile; fileRef = 7DF7E591288B9B540010193C /* PetWidgetEntryView.swift */; };
/* End PBXBuildFile section */

/* Begin PBXContainerItemProxy section */
		7D944730287D2A400039015E /* PBXContainerItemProxy */ = {
			isa = PBXContainerItemProxy;
			containerPortal = 7D85C8922867D53400E625A4 /* Project object */;
			proxyType = 1;
			remoteGlobalIDString = 7D944723287D2A3F0039015E;
			remoteInfo = PetWidgetExtension;
		};
/* End PBXContainerItemProxy section */

/* Begin PBXCopyFilesBuildPhase section */
		7D944733287D2A400039015E /* Embed App Extensions */ = {
			isa = PBXCopyFilesBuildPhase;
			buildActionMask = 2147483647;
			dstPath = "";
			dstSubfolderSpec = 13;
			files = (
				7D944732287D2A400039015E /* PetWidgetExtension.appex in Embed App Extensions */,
			);
			name = "Embed App Extensions";
			runOnlyForDeploymentPostprocessing = 0;
		};
/* End PBXCopyFilesBuildPhase section */

/* Begin PBXFileReference section */
		7D744F3728A1CEFD008FCDEA /* BuilderView.swift */ = {isa = PBXFileReference; lastKnownFileType = sourcecode.swift; path = BuilderView.swift; sourceTree = "<group>"; };
		7D744F3928A1D178008FCDEA /* IntDoubleBinding.swift */ = {isa = PBXFileReference; lastKnownFileType = sourcecode.swift; path = IntDoubleBinding.swift; sourceTree = "<group>"; };
		7D85C89A2867D53400E625A4 /* LilNounPet.app */ = {isa = PBXFileReference; explicitFileType = wrapper.application; includeInIndex = 0; path = LilNounPet.app; sourceTree = BUILT_PRODUCTS_DIR; };
		7D85C89D2867D53400E625A4 /* LilNounPetApp.swift */ = {isa = PBXFileReference; lastKnownFileType = sourcecode.swift; path = LilNounPetApp.swift; sourceTree = "<group>"; };
		7D85C89F2867D53400E625A4 /* ContentView.swift */ = {isa = PBXFileReference; lastKnownFileType = sourcecode.swift; path = ContentView.swift; sourceTree = "<group>"; };
		7D85C8A12867D53600E625A4 /* Assets.xcassets */ = {isa = PBXFileReference; lastKnownFileType = folder.assetcatalog; path = Assets.xcassets; sourceTree = "<group>"; };
		7D85C8A42867D53600E625A4 /* Preview Assets.xcassets */ = {isa = PBXFileReference; lastKnownFileType = folder.assetcatalog; path = "Preview Assets.xcassets"; sourceTree = "<group>"; };
		7D85C8AB2867D83C00E625A4 /* ArtAssets.swift */ = {isa = PBXFileReference; fileEncoding = 4; lastKnownFileType = sourcecode.swift; path = ArtAssets.swift; sourceTree = "<group>"; };
		7D85C8AD2867DB3B00E625A4 /* Pet-Repository.swift */ = {isa = PBXFileReference; lastKnownFileType = sourcecode.swift; path = "Pet-Repository.swift"; sourceTree = "<group>"; };
		7D85C8AF2867DBA900E625A4 /* Pet-Model.swift */ = {isa = PBXFileReference; lastKnownFileType = sourcecode.swift; path = "Pet-Model.swift"; sourceTree = "<group>"; };
		7D85C8B12867DBDE00E625A4 /* Extensions.swift */ = {isa = PBXFileReference; lastKnownFileType = sourcecode.swift; path = Extensions.swift; sourceTree = "<group>"; };
		7D85C8B32867DDFC00E625A4 /* ViewModel.swift */ = {isa = PBXFileReference; lastKnownFileType = sourcecode.swift; path = ViewModel.swift; sourceTree = "<group>"; };
		7D85C8B72867E0E600E625A4 /* ImageView.swift */ = {isa = PBXFileReference; lastKnownFileType = sourcecode.swift; path = ImageView.swift; sourceTree = "<group>"; };
		7D85C8B928682DB100E625A4 /* StatsView.swift */ = {isa = PBXFileReference; lastKnownFileType = sourcecode.swift; path = StatsView.swift; sourceTree = "<group>"; };
		7D85C8BB28682DEC00E625A4 /* DeathView.swift */ = {isa = PBXFileReference; lastKnownFileType = sourcecode.swift; path = DeathView.swift; sourceTree = "<group>"; };
		7D85C8BE28682E2600E625A4 /* EditView.swift */ = {isa = PBXFileReference; lastKnownFileType = sourcecode.swift; path = EditView.swift; sourceTree = "<group>"; };
		7D85C8C028682E9500E625A4 /* HatchView.swift */ = {isa = PBXFileReference; lastKnownFileType = sourcecode.swift; path = HatchView.swift; sourceTree = "<group>"; };
		7D944724287D2A3F0039015E /* PetWidgetExtension.appex */ = {isa = PBXFileReference; explicitFileType = "wrapper.app-extension"; includeInIndex = 0; path = PetWidgetExtension.appex; sourceTree = BUILT_PRODUCTS_DIR; };
		7D944726287D2A3F0039015E /* WidgetKit.framework */ = {isa = PBXFileReference; lastKnownFileType = wrapper.framework; name = WidgetKit.framework; path = System/Library/Frameworks/WidgetKit.framework; sourceTree = SDKROOT; };
		7D944728287D2A3F0039015E /* SwiftUI.framework */ = {isa = PBXFileReference; lastKnownFileType = wrapper.framework; name = SwiftUI.framework; path = System/Library/Frameworks/SwiftUI.framework; sourceTree = SDKROOT; };
		7D94472B287D2A3F0039015E /* PetWidget.swift */ = {isa = PBXFileReference; lastKnownFileType = sourcecode.swift; path = PetWidget.swift; sourceTree = "<group>"; };
		7D94472D287D2A400039015E /* Assets.xcassets */ = {isa = PBXFileReference; lastKnownFileType = folder.assetcatalog; path = Assets.xcassets; sourceTree = "<group>"; };
		7D94472F287D2A400039015E /* Info.plist */ = {isa = PBXFileReference; lastKnownFileType = text.plist.xml; path = Info.plist; sourceTree = "<group>"; };
		7D9BA45C287E4795005BF5FD /* LilNounPet.entitlements */ = {isa = PBXFileReference; lastKnownFileType = text.plist.entitlements; path = LilNounPet.entitlements; sourceTree = "<group>"; };
		7D9BA45D287E47F6005BF5FD /* PetWidgetExtension.entitlements */ = {isa = PBXFileReference; lastKnownFileType = text.plist.entitlements; path = PetWidgetExtension.entitlements; sourceTree = "<group>"; };
		7DA53BF2287233AD005A821C /* HowToView.swift */ = {isa = PBXFileReference; lastKnownFileType = sourcecode.swift; path = HowToView.swift; sourceTree = "<group>"; };
		7DA53BF428724318005A821C /* LondrinaSolid-Regular.ttf */ = {isa = PBXFileReference; lastKnownFileType = file; path = "LondrinaSolid-Regular.ttf"; sourceTree = "<group>"; };
		7DA53BF6287243DD005A821C /* Info.plist */ = {isa = PBXFileReference; lastKnownFileType = text.plist; path = Info.plist; sourceTree = "<group>"; };
		7DD766FB2893086A002708BE /* ImageSaver.swift */ = {isa = PBXFileReference; lastKnownFileType = sourcecode.swift; path = ImageSaver.swift; sourceTree = "<group>"; };
		7DF45C7E288A603F0026933B /* SimpleEntry.swift */ = {isa = PBXFileReference; lastKnownFileType = sourcecode.swift; path = SimpleEntry.swift; sourceTree = "<group>"; };
		7DF7E58F288A7A760010193C /* Provider.swift */ = {isa = PBXFileReference; lastKnownFileType = sourcecode.swift; path = Provider.swift; sourceTree = "<group>"; };
		7DF7E591288B9B540010193C /* PetWidgetEntryView.swift */ = {isa = PBXFileReference; lastKnownFileType = sourcecode.swift; path = PetWidgetEntryView.swift; sourceTree = "<group>"; };
/* End PBXFileReference section */

/* Begin PBXFrameworksBuildPhase section */
		7D85C8972867D53400E625A4 /* Frameworks */ = {
			isa = PBXFrameworksBuildPhase;
			buildActionMask = 2147483647;
			files = (
			);
			runOnlyForDeploymentPostprocessing = 0;
		};
		7D944721287D2A3F0039015E /* Frameworks */ = {
			isa = PBXFrameworksBuildPhase;
			buildActionMask = 2147483647;
			files = (
				7D944729287D2A3F0039015E /* SwiftUI.framework in Frameworks */,
				7D944727287D2A3F0039015E /* WidgetKit.framework in Frameworks */,
			);
			runOnlyForDeploymentPostprocessing = 0;
		};
/* End PBXFrameworksBuildPhase section */

/* Begin PBXGroup section */
		7D744F3B28A214A2008FCDEA /* Helpers */ = {
			isa = PBXGroup;
			children = (
				7D85C8B12867DBDE00E625A4 /* Extensions.swift */,
				7D744F3928A1D178008FCDEA /* IntDoubleBinding.swift */,
			);
			path = Helpers;
			sourceTree = "<group>";
		};
		7D85C8912867D53400E625A4 = {
			isa = PBXGroup;
			children = (
				7D9BA45D287E47F6005BF5FD /* PetWidgetExtension.entitlements */,
				7D85C89C2867D53400E625A4 /* LilNounPet */,
				7D94472A287D2A3F0039015E /* PetWidget */,
				7D944725287D2A3F0039015E /* Frameworks */,
				7D85C89B2867D53400E625A4 /* Products */,
			);
			sourceTree = "<group>";
		};
		7D85C89B2867D53400E625A4 /* Products */ = {
			isa = PBXGroup;
			children = (
				7D85C89A2867D53400E625A4 /* LilNounPet.app */,
				7D944724287D2A3F0039015E /* PetWidgetExtension.appex */,
			);
			name = Products;
			sourceTree = "<group>";
		};
		7D85C89C2867D53400E625A4 /* LilNounPet */ = {
			isa = PBXGroup;
			children = (
				7D9BA45C287E4795005BF5FD /* LilNounPet.entitlements */,
				7DA53BF6287243DD005A821C /* Info.plist */,
				7D85C89D2867D53400E625A4 /* LilNounPetApp.swift */,
				7D85C89F2867D53400E625A4 /* ContentView.swift */,
				7D744F3B28A214A2008FCDEA /* Helpers */,
				7D85C8BD28682E1700E625A4 /* Views */,
				7DA53BF82872471C005A821C /* Data */,
				7D85C8B52867DEF000E625A4 /* Assets */,
				7D85C8A32867D53600E625A4 /* Preview Content */,
			);
			path = LilNounPet;
			sourceTree = "<group>";
		};
		7D85C8A32867D53600E625A4 /* Preview Content */ = {
			isa = PBXGroup;
			children = (
				7D85C8A42867D53600E625A4 /* Preview Assets.xcassets */,
			);
			path = "Preview Content";
			sourceTree = "<group>";
		};
		7D85C8B52867DEF000E625A4 /* Assets */ = {
			isa = PBXGroup;
			children = (
				7D85C8A12867D53600E625A4 /* Assets.xcassets */,
				7DA53BF428724318005A821C /* LondrinaSolid-Regular.ttf */,
				7D85C8AB2867D83C00E625A4 /* ArtAssets.swift */,
			);
			path = Assets;
			sourceTree = "<group>";
		};
		7D85C8BD28682E1700E625A4 /* Views */ = {
			isa = PBXGroup;
			children = (
				7D85C8BE28682E2600E625A4 /* EditView.swift */,
				7D744F3728A1CEFD008FCDEA /* BuilderView.swift */,
				7DA53BF2287233AD005A821C /* HowToView.swift */,
				7D85C8C028682E9500E625A4 /* HatchView.swift */,
				7DF7E593288BA4590010193C /* Small Views */,
			);
			path = Views;
			sourceTree = "<group>";
		};
		7D944725287D2A3F0039015E /* Frameworks */ = {
			isa = PBXGroup;
			children = (
				7D944726287D2A3F0039015E /* WidgetKit.framework */,
				7D944728287D2A3F0039015E /* SwiftUI.framework */,
			);
			name = Frameworks;
			sourceTree = "<group>";
		};
		7D94472A287D2A3F0039015E /* PetWidget */ = {
			isa = PBXGroup;
			children = (
				7D94472B287D2A3F0039015E /* PetWidget.swift */,
				7DF7E591288B9B540010193C /* PetWidgetEntryView.swift */,
				7DF7E58F288A7A760010193C /* Provider.swift */,
				7DF45C7E288A603F0026933B /* SimpleEntry.swift */,
				7D94472D287D2A400039015E /* Assets.xcassets */,
				7D94472F287D2A400039015E /* Info.plist */,
			);
			path = PetWidget;
			sourceTree = "<group>";
		};
		7DA53BF82872471C005A821C /* Data */ = {
			isa = PBXGroup;
			children = (
				7D85C8B32867DDFC00E625A4 /* ViewModel.swift */,
				7D85C8AD2867DB3B00E625A4 /* Pet-Repository.swift */,
				7D85C8AF2867DBA900E625A4 /* Pet-Model.swift */,
				7DD766FB2893086A002708BE /* ImageSaver.swift */,
			);
			path = Data;
			sourceTree = "<group>";
		};
		7DF7E593288BA4590010193C /* Small Views */ = {
			isa = PBXGroup;
			children = (
				7D85C8B928682DB100E625A4 /* StatsView.swift */,
				7D85C8B72867E0E600E625A4 /* ImageView.swift */,
				7D85C8BB28682DEC00E625A4 /* DeathView.swift */,
			);
			path = "Small Views";
			sourceTree = "<group>";
		};
/* End PBXGroup section */

/* Begin PBXNativeTarget section */
		7D85C8992867D53400E625A4 /* LilNounPet */ = {
			isa = PBXNativeTarget;
			buildConfigurationList = 7D85C8A82867D53600E625A4 /* Build configuration list for PBXNativeTarget "LilNounPet" */;
			buildPhases = (
				7D85C8962867D53400E625A4 /* Sources */,
				7D85C8972867D53400E625A4 /* Frameworks */,
				7D85C8982867D53400E625A4 /* Resources */,
				7D944733287D2A400039015E /* Embed App Extensions */,
			);
			buildRules = (
			);
			dependencies = (
				7D944731287D2A400039015E /* PBXTargetDependency */,
			);
			name = LilNounPet;
			productName = LilNounPet;
			productReference = 7D85C89A2867D53400E625A4 /* LilNounPet.app */;
			productType = "com.apple.product-type.application";
		};
		7D944723287D2A3F0039015E /* PetWidgetExtension */ = {
			isa = PBXNativeTarget;
			buildConfigurationList = 7D944736287D2A400039015E /* Build configuration list for PBXNativeTarget "PetWidgetExtension" */;
			buildPhases = (
				7D944720287D2A3F0039015E /* Sources */,
				7D944721287D2A3F0039015E /* Frameworks */,
				7D944722287D2A3F0039015E /* Resources */,
			);
			buildRules = (
			);
			dependencies = (
			);
			name = PetWidgetExtension;
			productName = PetWidgetExtension;
			productReference = 7D944724287D2A3F0039015E /* PetWidgetExtension.appex */;
			productType = "com.apple.product-type.app-extension";
		};
/* End PBXNativeTarget section */

/* Begin PBXProject section */
		7D85C8922867D53400E625A4 /* Project object */ = {
			isa = PBXProject;
			attributes = {
				BuildIndependentTargetsInParallel = 1;
				LastSwiftUpdateCheck = 1340;
				LastUpgradeCheck = 1340;
				TargetAttributes = {
					7D85C8992867D53400E625A4 = {
						CreatedOnToolsVersion = 13.4;
					};
					7D944723287D2A3F0039015E = {
						CreatedOnToolsVersion = 13.4;
					};
				};
			};
			buildConfigurationList = 7D85C8952867D53400E625A4 /* Build configuration list for PBXProject "LilNounPet" */;
			compatibilityVersion = "Xcode 13.0";
			developmentRegion = en;
			hasScannedForEncodings = 0;
			knownRegions = (
				en,
				Base,
			);
			mainGroup = 7D85C8912867D53400E625A4;
			productRefGroup = 7D85C89B2867D53400E625A4 /* Products */;
			projectDirPath = "";
			projectRoot = "";
			targets = (
				7D85C8992867D53400E625A4 /* LilNounPet */,
				7D944723287D2A3F0039015E /* PetWidgetExtension */,
			);
		};
/* End PBXProject section */

/* Begin PBXResourcesBuildPhase section */
		7D85C8982867D53400E625A4 /* Resources */ = {
			isa = PBXResourcesBuildPhase;
			buildActionMask = 2147483647;
			files = (
				7D85C8A52867D53600E625A4 /* Preview Assets.xcassets in Resources */,
				7DA53BF528724318005A821C /* LondrinaSolid-Regular.ttf in Resources */,
				7D85C8A22867D53600E625A4 /* Assets.xcassets in Resources */,
			);
			runOnlyForDeploymentPostprocessing = 0;
		};
		7D944722287D2A3F0039015E /* Resources */ = {
			isa = PBXResourcesBuildPhase;
			buildActionMask = 2147483647;
			files = (
				7D94473B287D2A610039015E /* Assets.xcassets in Resources */,
				7D94473D287D2B590039015E /* LondrinaSolid-Regular.ttf in Resources */,
				7D94472E287D2A400039015E /* Assets.xcassets in Resources */,
			);
			runOnlyForDeploymentPostprocessing = 0;
		};
/* End PBXResourcesBuildPhase section */

/* Begin PBXSourcesBuildPhase section */
		7D85C8962867D53400E625A4 /* Sources */ = {
			isa = PBXSourcesBuildPhase;
			buildActionMask = 2147483647;
			files = (
				7DF45C7F288A603F0026933B /* SimpleEntry.swift in Sources */,
				7D85C8B82867E0E600E625A4 /* ImageView.swift in Sources */,
				7D85C8B02867DBA900E625A4 /* Pet-Model.swift in Sources */,
				7D85C8C128682E9500E625A4 /* HatchView.swift in Sources */,
				7D85C8BF28682E2600E625A4 /* EditView.swift in Sources */,
				7D85C8B22867DBDE00E625A4 /* Extensions.swift in Sources */,
				7D85C8A02867D53400E625A4 /* ContentView.swift in Sources */,
				7DD766FD2893087A002708BE /* ImageSaver.swift in Sources */,
				7D85C8AE2867DB3B00E625A4 /* Pet-Repository.swift in Sources */,
				7D85C8BC28682DEC00E625A4 /* DeathView.swift in Sources */,
				7D85C89E2867D53400E625A4 /* LilNounPetApp.swift in Sources */,
				7D85C8AC2867D83C00E625A4 /* ArtAssets.swift in Sources */,
				7DA53BF3287233AD005A821C /* HowToView.swift in Sources */,
				7D85C8B42867DDFC00E625A4 /* ViewModel.swift in Sources */,
				7D744F3A28A1D178008FCDEA /* IntDoubleBinding.swift in Sources */,
				7D744F3828A1CEFD008FCDEA /* BuilderView.swift in Sources */,
				7D85C8BA28682DB100E625A4 /* StatsView.swift in Sources */,
			);
			runOnlyForDeploymentPostprocessing = 0;
		};
		7D944720287D2A3F0039015E /* Sources */ = {
			isa = PBXSourcesBuildPhase;
			buildActionMask = 2147483647;
			files = (
				7DF45C80288A61330026933B /* SimpleEntry.swift in Sources */,
				7D944738287D2A550039015E /* Pet-Repository.swift in Sources */,
				7D944739287D2A580039015E /* Pet-Model.swift in Sources */,
				7D94473A287D2A5B0039015E /* Extensions.swift in Sources */,
				7DF7E590288A7A760010193C /* Provider.swift in Sources */,
				7D94473C287D2B1B0039015E /* ViewModel.swift in Sources */,
				7D94472C287D2A3F0039015E /* PetWidget.swift in Sources */,
				7DD766FC2893087A002708BE /* ImageSaver.swift in Sources */,
				7D94473E287D2B5D0039015E /* ArtAssets.swift in Sources */,
				7D744F3C28A214AE008FCDEA /* IntDoubleBinding.swift in Sources */,
				7DF7E592288B9B540010193C /* PetWidgetEntryView.swift in Sources */,
			);
			runOnlyForDeploymentPostprocessing = 0;
		};
/* End PBXSourcesBuildPhase section */

/* Begin PBXTargetDependency section */
		7D944731287D2A400039015E /* PBXTargetDependency */ = {
			isa = PBXTargetDependency;
			target = 7D944723287D2A3F0039015E /* PetWidgetExtension */;
			targetProxy = 7D944730287D2A400039015E /* PBXContainerItemProxy */;
		};
/* End PBXTargetDependency section */

/* Begin XCBuildConfiguration section */
		7D85C8A62867D53600E625A4 /* Debug */ = {
			isa = XCBuildConfiguration;
			buildSettings = {
				ALWAYS_SEARCH_USER_PATHS = NO;
				CLANG_ANALYZER_NONNULL = YES;
				CLANG_ANALYZER_NUMBER_OBJECT_CONVERSION = YES_AGGRESSIVE;
				CLANG_CXX_LANGUAGE_STANDARD = "gnu++17";
				CLANG_ENABLE_MODULES = YES;
				CLANG_ENABLE_OBJC_ARC = YES;
				CLANG_ENABLE_OBJC_WEAK = YES;
				CLANG_WARN_BLOCK_CAPTURE_AUTORELEASING = YES;
				CLANG_WARN_BOOL_CONVERSION = YES;
				CLANG_WARN_COMMA = YES;
				CLANG_WARN_CONSTANT_CONVERSION = YES;
				CLANG_WARN_DEPRECATED_OBJC_IMPLEMENTATIONS = YES;
				CLANG_WARN_DIRECT_OBJC_ISA_USAGE = YES_ERROR;
				CLANG_WARN_DOCUMENTATION_COMMENTS = YES;
				CLANG_WARN_EMPTY_BODY = YES;
				CLANG_WARN_ENUM_CONVERSION = YES;
				CLANG_WARN_INFINITE_RECURSION = YES;
				CLANG_WARN_INT_CONVERSION = YES;
				CLANG_WARN_NON_LITERAL_NULL_CONVERSION = YES;
				CLANG_WARN_OBJC_IMPLICIT_RETAIN_SELF = YES;
				CLANG_WARN_OBJC_LITERAL_CONVERSION = YES;
				CLANG_WARN_OBJC_ROOT_CLASS = YES_ERROR;
				CLANG_WARN_QUOTED_INCLUDE_IN_FRAMEWORK_HEADER = YES;
				CLANG_WARN_RANGE_LOOP_ANALYSIS = YES;
				CLANG_WARN_STRICT_PROTOTYPES = YES;
				CLANG_WARN_SUSPICIOUS_MOVE = YES;
				CLANG_WARN_UNGUARDED_AVAILABILITY = YES_AGGRESSIVE;
				CLANG_WARN_UNREACHABLE_CODE = YES;
				CLANG_WARN__DUPLICATE_METHOD_MATCH = YES;
				COPY_PHASE_STRIP = NO;
				DEBUG_INFORMATION_FORMAT = dwarf;
				ENABLE_STRICT_OBJC_MSGSEND = YES;
				ENABLE_TESTABILITY = YES;
				GCC_C_LANGUAGE_STANDARD = gnu11;
				GCC_DYNAMIC_NO_PIC = NO;
				GCC_NO_COMMON_BLOCKS = YES;
				GCC_OPTIMIZATION_LEVEL = 0;
				GCC_PREPROCESSOR_DEFINITIONS = (
					"DEBUG=1",
					"$(inherited)",
				);
				GCC_WARN_64_TO_32_BIT_CONVERSION = YES;
				GCC_WARN_ABOUT_RETURN_TYPE = YES_ERROR;
				GCC_WARN_UNDECLARED_SELECTOR = YES;
				GCC_WARN_UNINITIALIZED_AUTOS = YES_AGGRESSIVE;
				GCC_WARN_UNUSED_FUNCTION = YES;
				GCC_WARN_UNUSED_VARIABLE = YES;
				IPHONEOS_DEPLOYMENT_TARGET = 15.5;
				MTL_ENABLE_DEBUG_INFO = INCLUDE_SOURCE;
				MTL_FAST_MATH = YES;
				ONLY_ACTIVE_ARCH = YES;
				SDKROOT = iphoneos;
				SWIFT_ACTIVE_COMPILATION_CONDITIONS = DEBUG;
				SWIFT_OPTIMIZATION_LEVEL = "-Onone";
			};
			name = Debug;
		};
		7D85C8A72867D53600E625A4 /* Release */ = {
			isa = XCBuildConfiguration;
			buildSettings = {
				ALWAYS_SEARCH_USER_PATHS = NO;
				CLANG_ANALYZER_NONNULL = YES;
				CLANG_ANALYZER_NUMBER_OBJECT_CONVERSION = YES_AGGRESSIVE;
				CLANG_CXX_LANGUAGE_STANDARD = "gnu++17";
				CLANG_ENABLE_MODULES = YES;
				CLANG_ENABLE_OBJC_ARC = YES;
				CLANG_ENABLE_OBJC_WEAK = YES;
				CLANG_WARN_BLOCK_CAPTURE_AUTORELEASING = YES;
				CLANG_WARN_BOOL_CONVERSION = YES;
				CLANG_WARN_COMMA = YES;
				CLANG_WARN_CONSTANT_CONVERSION = YES;
				CLANG_WARN_DEPRECATED_OBJC_IMPLEMENTATIONS = YES;
				CLANG_WARN_DIRECT_OBJC_ISA_USAGE = YES_ERROR;
				CLANG_WARN_DOCUMENTATION_COMMENTS = YES;
				CLANG_WARN_EMPTY_BODY = YES;
				CLANG_WARN_ENUM_CONVERSION = YES;
				CLANG_WARN_INFINITE_RECURSION = YES;
				CLANG_WARN_INT_CONVERSION = YES;
				CLANG_WARN_NON_LITERAL_NULL_CONVERSION = YES;
				CLANG_WARN_OBJC_IMPLICIT_RETAIN_SELF = YES;
				CLANG_WARN_OBJC_LITERAL_CONVERSION = YES;
				CLANG_WARN_OBJC_ROOT_CLASS = YES_ERROR;
				CLANG_WARN_QUOTED_INCLUDE_IN_FRAMEWORK_HEADER = YES;
				CLANG_WARN_RANGE_LOOP_ANALYSIS = YES;
				CLANG_WARN_STRICT_PROTOTYPES = YES;
				CLANG_WARN_SUSPICIOUS_MOVE = YES;
				CLANG_WARN_UNGUARDED_AVAILABILITY = YES_AGGRESSIVE;
				CLANG_WARN_UNREACHABLE_CODE = YES;
				CLANG_WARN__DUPLICATE_METHOD_MATCH = YES;
				COPY_PHASE_STRIP = NO;
				DEBUG_INFORMATION_FORMAT = "dwarf-with-dsym";
				ENABLE_NS_ASSERTIONS = NO;
				ENABLE_STRICT_OBJC_MSGSEND = YES;
				GCC_C_LANGUAGE_STANDARD = gnu11;
				GCC_NO_COMMON_BLOCKS = YES;
				GCC_WARN_64_TO_32_BIT_CONVERSION = YES;
				GCC_WARN_ABOUT_RETURN_TYPE = YES_ERROR;
				GCC_WARN_UNDECLARED_SELECTOR = YES;
				GCC_WARN_UNINITIALIZED_AUTOS = YES_AGGRESSIVE;
				GCC_WARN_UNUSED_FUNCTION = YES;
				GCC_WARN_UNUSED_VARIABLE = YES;
				IPHONEOS_DEPLOYMENT_TARGET = 15.5;
				MTL_ENABLE_DEBUG_INFO = NO;
				MTL_FAST_MATH = YES;
				SDKROOT = iphoneos;
				SWIFT_COMPILATION_MODE = wholemodule;
				SWIFT_OPTIMIZATION_LEVEL = "-O";
				VALIDATE_PRODUCT = YES;
			};
			name = Release;
		};
		7D85C8A92867D53600E625A4 /* Debug */ = {
			isa = XCBuildConfiguration;
			buildSettings = {
				ALWAYS_EMBED_SWIFT_STANDARD_LIBRARIES = YES;
				ASSETCATALOG_COMPILER_APPICON_NAME = AppIcon;
				ASSETCATALOG_COMPILER_GLOBAL_ACCENT_COLOR_NAME = AccentColor;
				ASSETCATALOG_COMPILER_INCLUDE_ALL_APPICON_ASSETS = YES;
				CODE_SIGN_ENTITLEMENTS = LilNounPet/LilNounPet.entitlements;
				CODE_SIGN_STYLE = Automatic;
				CURRENT_PROJECT_VERSION = 1;
				DEVELOPMENT_ASSET_PATHS = "\"LilNounPet/Preview Content\"";
				DEVELOPMENT_TEAM = 435PDV6Y55;
				ENABLE_PREVIEWS = YES;
				GENERATE_INFOPLIST_FILE = YES;
				INFOPLIST_FILE = LilNounPet/Info.plist;
				INFOPLIST_KEY_CFBundleDisplayName = "Lil Noun Pet";
				INFOPLIST_KEY_NSPhotoLibraryAddUsageDescription = "Save your Lil Noun to the camera roll";
				INFOPLIST_KEY_UIApplicationSceneManifest_Generation = YES;
				INFOPLIST_KEY_UIApplicationSupportsIndirectInputEvents = YES;
				INFOPLIST_KEY_UILaunchScreen_Generation = YES;
				INFOPLIST_KEY_UISupportedInterfaceOrientations = UIInterfaceOrientationPortrait;
				INFOPLIST_KEY_UISupportedInterfaceOrientations_iPad = "UIInterfaceOrientationPortrait UIInterfaceOrientationPortraitUpsideDown UIInterfaceOrientationLandscapeLeft UIInterfaceOrientationLandscapeRight";
				INFOPLIST_KEY_UISupportedInterfaceOrientations_iPhone = UIInterfaceOrientationPortrait;
				LD_RUNPATH_SEARCH_PATHS = (
					"$(inherited)",
					"@executable_path/Frameworks",
				);
				MARKETING_VERSION = 1.0;
				PRODUCT_BUNDLE_IDENTIFIER = com.jamesonhurst.LilNounPet;
				PRODUCT_NAME = "$(TARGET_NAME)";
				SWIFT_EMIT_LOC_STRINGS = YES;
				SWIFT_VERSION = 5.0;
				TARGETED_DEVICE_FAMILY = 1;
			};
			name = Debug;
		};
		7D85C8AA2867D53600E625A4 /* Release */ = {
			isa = XCBuildConfiguration;
			buildSettings = {
				ALWAYS_EMBED_SWIFT_STANDARD_LIBRARIES = YES;
				ASSETCATALOG_COMPILER_APPICON_NAME = AppIcon;
				ASSETCATALOG_COMPILER_GLOBAL_ACCENT_COLOR_NAME = AccentColor;
				ASSETCATALOG_COMPILER_INCLUDE_ALL_APPICON_ASSETS = YES;
				CODE_SIGN_ENTITLEMENTS = LilNounPet/LilNounPet.entitlements;
				CODE_SIGN_STYLE = Automatic;
				CURRENT_PROJECT_VERSION = 1;
				DEVELOPMENT_ASSET_PATHS = "\"LilNounPet/Preview Content\"";
				DEVELOPMENT_TEAM = 435PDV6Y55;
				ENABLE_PREVIEWS = YES;
				GENERATE_INFOPLIST_FILE = YES;
				INFOPLIST_FILE = LilNounPet/Info.plist;
				INFOPLIST_KEY_CFBundleDisplayName = "Lil Noun Pet";
				INFOPLIST_KEY_NSPhotoLibraryAddUsageDescription = "Save your Lil Noun to the camera roll";
				INFOPLIST_KEY_UIApplicationSceneManifest_Generation = YES;
				INFOPLIST_KEY_UIApplicationSupportsIndirectInputEvents = YES;
				INFOPLIST_KEY_UILaunchScreen_Generation = YES;
				INFOPLIST_KEY_UISupportedInterfaceOrientations = UIInterfaceOrientationPortrait;
				INFOPLIST_KEY_UISupportedInterfaceOrientations_iPad = "UIInterfaceOrientationPortrait UIInterfaceOrientationPortraitUpsideDown UIInterfaceOrientationLandscapeLeft UIInterfaceOrientationLandscapeRight";
				INFOPLIST_KEY_UISupportedInterfaceOrientations_iPhone = UIInterfaceOrientationPortrait;
				LD_RUNPATH_SEARCH_PATHS = (
					"$(inherited)",
					"@executable_path/Frameworks",
				);
				MARKETING_VERSION = 1.0;
				PRODUCT_BUNDLE_IDENTIFIER = com.jamesonhurst.LilNounPet;
				PRODUCT_NAME = "$(TARGET_NAME)";
				SWIFT_EMIT_LOC_STRINGS = YES;
				SWIFT_VERSION = 5.0;
				TARGETED_DEVICE_FAMILY = 1;
			};
			name = Release;
		};
		7D944734287D2A400039015E /* Debug */ = {
			isa = XCBuildConfiguration;
			buildSettings = {
				ASSETCATALOG_COMPILER_GLOBAL_ACCENT_COLOR_NAME = AccentColor;
				ASSETCATALOG_COMPILER_WIDGET_BACKGROUND_COLOR_NAME = WidgetBackground;
				CODE_SIGN_ENTITLEMENTS = PetWidgetExtension.entitlements;
				CODE_SIGN_STYLE = Automatic;
				CURRENT_PROJECT_VERSION = 1;
				DEVELOPMENT_TEAM = 435PDV6Y55;
				GENERATE_INFOPLIST_FILE = YES;
				INFOPLIST_FILE = PetWidget/Info.plist;
				INFOPLIST_KEY_CFBundleDisplayName = "Lil Noun Pet Widget";
				INFOPLIST_KEY_NSHumanReadableCopyright = "";
				LD_RUNPATH_SEARCH_PATHS = (
					"$(inherited)",
					"@executable_path/Frameworks",
					"@executable_path/../../Frameworks",
				);
				MARKETING_VERSION = 1.0;
				PRODUCT_BUNDLE_IDENTIFIER = com.jamesonhurst.LilNounPet.PetWidget;
				PRODUCT_NAME = "$(TARGET_NAME)";
				SKIP_INSTALL = YES;
				SWIFT_EMIT_LOC_STRINGS = YES;
				SWIFT_VERSION = 5.0;
				TARGETED_DEVICE_FAMILY = 1;
			};
			name = Debug;
		};
		7D944735287D2A400039015E /* Release */ = {
			isa = XCBuildConfiguration;
			buildSettings = {
				ASSETCATALOG_COMPILER_GLOBAL_ACCENT_COLOR_NAME = AccentColor;
				ASSETCATALOG_COMPILER_WIDGET_BACKGROUND_COLOR_NAME = WidgetBackground;
				CODE_SIGN_ENTITLEMENTS = PetWidgetExtension.entitlements;
				CODE_SIGN_STYLE = Automatic;
				CURRENT_PROJECT_VERSION = 1;
				DEVELOPMENT_TEAM = 435PDV6Y55;
				GENERATE_INFOPLIST_FILE = YES;
				INFOPLIST_FILE = PetWidget/Info.plist;
				INFOPLIST_KEY_CFBundleDisplayName = "Lil Noun Pet Widget";
				INFOPLIST_KEY_NSHumanReadableCopyright = "";
				LD_RUNPATH_SEARCH_PATHS = (
					"$(inherited)",
					"@executable_path/Frameworks",
					"@executable_path/../../Frameworks",
				);
				MARKETING_VERSION = 1.0;
				PRODUCT_BUNDLE_IDENTIFIER = com.jamesonhurst.LilNounPet.PetWidget;
				PRODUCT_NAME = "$(TARGET_NAME)";
				SKIP_INSTALL = YES;
				SWIFT_EMIT_LOC_STRINGS = YES;
				SWIFT_VERSION = 5.0;
				TARGETED_DEVICE_FAMILY = 1;
			};
			name = Release;
		};
/* End XCBuildConfiguration section */

/* Begin XCConfigurationList section */
		7D85C8952867D53400E625A4 /* Build configuration list for PBXProject "LilNounPet" */ = {
			isa = XCConfigurationList;
			buildConfigurations = (
				7D85C8A62867D53600E625A4 /* Debug */,
				7D85C8A72867D53600E625A4 /* Release */,
			);
			defaultConfigurationIsVisible = 0;
			defaultConfigurationName = Release;
		};
		7D85C8A82867D53600E625A4 /* Build configuration list for PBXNativeTarget "LilNounPet" */ = {
			isa = XCConfigurationList;
			buildConfigurations = (
				7D85C8A92867D53600E625A4 /* Debug */,
				7D85C8AA2867D53600E625A4 /* Release */,
			);
			defaultConfigurationIsVisible = 0;
			defaultConfigurationName = Release;
		};
		7D944736287D2A400039015E /* Build configuration list for PBXNativeTarget "PetWidgetExtension" */ = {
			isa = XCConfigurationList;
			buildConfigurations = (
				7D944734287D2A400039015E /* Debug */,
				7D944735287D2A400039015E /* Release */,
			);
			defaultConfigurationIsVisible = 0;
			defaultConfigurationName = Release;
		};
/* End XCConfigurationList section */
	};
	rootObject = 7D85C8922867D53400E625A4 /* Project object */;
}
